
Microsoft Visual Studio Solution File, Format Version 12.00
# Visual Studio Version 17
VisualStudioVersion = 17.14.36518.9
MinimumVisualStudioVersion = 10.0.40219.1
Project("{C9674DCB-5085-4A16-B785-4C70DD1589BD}") = "eCommerce_LoadStaging", "eCommerce_LoadStaging.dtproj", "{CB2D06AD-63D6-5388-38C4-29D78DB76DAF}"
EndProject
Project("{00D1A9C2-B5F0-4AF3-8072-F6C62B433612}") = "eCommerceStaging", "..\eCommerceStaging\eCommerceStaging.sqlproj", "{E1BBF83F-82E8-4CCB-A15F-BB99E53D732D}"
EndProject
Project("{C9674DCB-5085-4A16-B785-4C70DD1589BD}") = "eCommerceLoadDM", "..\eCommerceLoadDM\eCommerceLoadDM.dtproj", "{FA754426-56E5-D9BB-25AD-971AF71D2B06}"
EndProject
Project("{6870E480-7721-4708-BFB8-9AE898AA21B3}") = "eCommerceTabular", "..\eCommerceTabular\eCommerceTabular.smproj", "{8CE414BB-95B2-4C99-9E03-51BA72086E22}"
EndProject
Project("{00D1A9C2-B5F0-4AF3-8072-F6C62B433612}") = "eCommerceSalesDM", "..\eCommerceSalesDM\eCommerceSalesDM.sqlproj", "{ECB67616-7982-4983-BFC6-B35126A59C42}"
EndProject
Global
	GlobalSection(SolutionConfigurationPlatforms) = preSolution
		Debug|Any CPU = Debug|Any CPU
		Debug|x86 = Debug|x86
		Development|Any CPU = Development|Any CPU
		Development|x86 = Development|x86
		Release|Any CPU = Release|Any CPU
		Release|x86 = Release|x86
	EndGlobalSection
	GlobalSection(ProjectConfigurationPlatforms) = postSolution
		{CB2D06AD-63D6-5388-38C4-29D78DB76DAF}.Debug|Any CPU.ActiveCfg = Development
		{CB2D06AD-63D6-5388-38C4-29D78DB76DAF}.Debug|Any CPU.Build.0 = Development
		{CB2D06AD-63D6-5388-38C4-29D78DB76DAF}.Debug|x86.ActiveCfg = Development
		{CB2D06AD-63D6-5388-38C4-29D78DB76DAF}.Debug|x86.Build.0 = Development
		{CB2D06AD-63D6-5388-38C4-29D78DB76DAF}.Development|Any CPU.ActiveCfg = Development
		{CB2D06AD-63D6-5388-38C4-29D78DB76DAF}.Development|Any CPU.Build.0 = Development
		{CB2D06AD-63D6-5388-38C4-29D78DB76DAF}.Development|x86.ActiveCfg = Development
		{CB2D06AD-63D6-5388-38C4-29D78DB76DAF}.Development|x86.Build.0 = Development
		{CB2D06AD-63D6-5388-38C4-29D78DB76DAF}.Release|Any CPU.ActiveCfg = Development
		{CB2D06AD-63D6-5388-38C4-29D78DB76DAF}.Release|Any CPU.Build.0 = Development
		{CB2D06AD-63D6-5388-38C4-29D78DB76DAF}.Release|x86.ActiveCfg = Development
		{CB2D06AD-63D6-5388-38C4-29D78DB76DAF}.Release|x86.Build.0 = Development
		{E1BBF83F-82E8-4CCB-A15F-BB99E53D732D}.Debug|Any CPU.ActiveCfg = Debug|Any CPU
		{E1BBF83F-82E8-4CCB-A15F-BB99E53D732D}.Debug|Any CPU.Build.0 = Debug|Any CPU
		{E1BBF83F-82E8-4CCB-A15F-BB99E53D732D}.Debug|Any CPU.Deploy.0 = Debug|Any CPU
		{E1BBF83F-82E8-4CCB-A15F-BB99E53D732D}.Debug|x86.ActiveCfg = Debug|Any CPU
		{E1BBF83F-82E8-4CCB-A15F-BB99E53D732D}.Debug|x86.Build.0 = Debug|Any CPU
		{E1BBF83F-82E8-4CCB-A15F-BB99E53D732D}.Debug|x86.Deploy.0 = Debug|Any CPU
		{E1BBF83F-82E8-4CCB-A15F-BB99E53D732D}.Development|Any CPU.ActiveCfg = Release|Any CPU
		{E1BBF83F-82E8-4CCB-A15F-BB99E53D732D}.Development|Any CPU.Build.0 = Release|Any CPU
		{E1BBF83F-82E8-4CCB-A15F-BB99E53D732D}.Development|Any CPU.Deploy.0 = Release|Any CPU
		{E1BBF83F-82E8-4CCB-A15F-BB99E53D732D}.Development|x86.ActiveCfg = Release|Any CPU
		{E1BBF83F-82E8-4CCB-A15F-BB99E53D732D}.Development|x86.Build.0 = Release|Any CPU
		{E1BBF83F-82E8-4CCB-A15F-BB99E53D732D}.Development|x86.Deploy.0 = Release|Any CPU
		{E1BBF83F-82E8-4CCB-A15F-BB99E53D732D}.Release|Any CPU.ActiveCfg = Release|Any CPU
		{E1BBF83F-82E8-4CCB-A15F-BB99E53D732D}.Release|Any CPU.Build.0 = Release|Any CPU
		{E1BBF83F-82E8-4CCB-A15F-BB99E53D732D}.Release|Any CPU.Deploy.0 = Release|Any CPU
		{E1BBF83F-82E8-4CCB-A15F-BB99E53D732D}.Release|x86.ActiveCfg = Release|Any CPU
		{E1BBF83F-82E8-4CCB-A15F-BB99E53D732D}.Release|x86.Build.0 = Release|Any CPU
		{E1BBF83F-82E8-4CCB-A15F-BB99E53D732D}.Release|x86.Deploy.0 = Release|Any CPU
		{FA754426-56E5-D9BB-25AD-971AF71D2B06}.Debug|Any CPU.ActiveCfg = Development
		{FA754426-56E5-D9BB-25AD-971AF71D2B06}.Debug|Any CPU.Build.0 = Development
		{FA754426-56E5-D9BB-25AD-971AF71D2B06}.Debug|x86.ActiveCfg = Development
		{FA754426-56E5-D9BB-25AD-971AF71D2B06}.Debug|x86.Build.0 = Development
		{FA754426-56E5-D9BB-25AD-971AF71D2B06}.Development|Any CPU.ActiveCfg = Development
		{FA754426-56E5-D9BB-25AD-971AF71D2B06}.Development|Any CPU.Build.0 = Development
		{FA754426-56E5-D9BB-25AD-971AF71D2B06}.Development|x86.ActiveCfg = Development
		{FA754426-56E5-D9BB-25AD-971AF71D2B06}.Development|x86.Build.0 = Development
		{FA754426-56E5-D9BB-25AD-971AF71D2B06}.Release|Any CPU.ActiveCfg = Development
		{FA754426-56E5-D9BB-25AD-971AF71D2B06}.Release|Any CPU.Build.0 = Development
		{FA754426-56E5-D9BB-25AD-971AF71D2B06}.Release|x86.ActiveCfg = Development
		{FA754426-56E5-D9BB-25AD-971AF71D2B06}.Release|x86.Build.0 = Development
		{8CE414BB-95B2-4C99-9E03-51BA72086E22}.Debug|Any CPU.ActiveCfg = Development|x86
		{8CE414BB-95B2-4C99-9E03-51BA72086E22}.Debug|Any CPU.Build.0 = Development|x86
		{8CE414BB-95B2-4C99-9E03-51BA72086E22}.Debug|Any CPU.Deploy.0 = Development|x86
		{8CE414BB-95B2-4C99-9E03-51BA72086E22}.Debug|x86.ActiveCfg = Development|x86
		{8CE414BB-95B2-4C99-9E03-51BA72086E22}.Debug|x86.Build.0 = Development|x86
		{8CE414BB-95B2-4C99-9E03-51BA72086E22}.Debug|x86.Deploy.0 = Development|x86
		{8CE414BB-95B2-4C99-9E03-51BA72086E22}.Development|Any CPU.ActiveCfg = Development|x86
		{8CE414BB-95B2-4C99-9E03-51BA72086E22}.Development|Any CPU.Build.0 = Development|x86
		{8CE414BB-95B2-4C99-9E03-51BA72086E22}.Development|Any CPU.Deploy.0 = Development|x86
		{8CE414BB-95B2-4C99-9E03-51BA72086E22}.Development|x86.ActiveCfg = Development|x86
		{8CE414BB-95B2-4C99-9E03-51BA72086E22}.Development|x86.Build.0 = Development|x86
		{8CE414BB-95B2-4C99-9E03-51BA72086E22}.Development|x86.Deploy.0 = Development|x86
		{8CE414BB-95B2-4C99-9E03-51BA72086E22}.Release|Any CPU.ActiveCfg = Development|x86
		{8CE414BB-95B2-4C99-9E03-51BA72086E22}.Release|Any CPU.Build.0 = Development|x86
		{8CE414BB-95B2-4C99-9E03-51BA72086E22}.Release|Any CPU.Deploy.0 = Development|x86
		{8CE414BB-95B2-4C99-9E03-51BA72086E22}.Release|x86.ActiveCfg = Development|x86
		{8CE414BB-95B2-4C99-9E03-51BA72086E22}.Release|x86.Build.0 = Development|x86
		{8CE414BB-95B2-4C99-9E03-51BA72086E22}.Release|x86.Deploy.0 = Development|x86
		{ECB67616-7982-4983-BFC6-B35126A59C42}.Debug|Any CPU.ActiveCfg = Debug|Any CPU
		{ECB67616-7982-4983-BFC6-B35126A59C42}.Debug|Any CPU.Build.0 = Debug|Any CPU
		{ECB67616-7982-4983-BFC6-B35126A59C42}.Debug|Any CPU.Deploy.0 = Debug|Any CPU
		{ECB67616-7982-4983-BFC6-B35126A59C42}.Debug|x86.ActiveCfg = Debug|Any CPU
		{ECB67616-7982-4983-BFC6-B35126A59C42}.Debug|x86.Build.0 = Debug|Any CPU
		{ECB67616-7982-4983-BFC6-B35126A59C42}.Debug|x86.Deploy.0 = Debug|Any CPU
		{ECB67616-7982-4983-BFC6-B35126A59C42}.Development|Any CPU.ActiveCfg = Release|Any CPU
		{ECB67616-7982-4983-BFC6-B35126A59C42}.Development|Any CPU.Build.0 = Release|Any CPU
		{ECB67616-7982-4983-BFC6-B35126A59C42}.Development|Any CPU.Deploy.0 = Release|Any CPU
		{ECB67616-7982-4983-BFC6-B35126A59C42}.Development|x86.ActiveCfg = Release|Any CPU
		{ECB67616-7982-4983-BFC6-B35126A59C42}.Development|x86.Build.0 = Release|Any CPU
		{ECB67616-7982-4983-BFC6-B35126A59C42}.Development|x86.Deploy.0 = Release|Any CPU
		{ECB67616-7982-4983-BFC6-B35126A59C42}.Release|Any CPU.ActiveCfg = Release|Any CPU
		{ECB67616-7982-4983-BFC6-B35126A59C42}.Release|Any CPU.Build.0 = Release|Any CPU
		{ECB67616-7982-4983-BFC6-B35126A59C42}.Release|Any CPU.Deploy.0 = Release|Any CPU
		{ECB67616-7982-4983-BFC6-B35126A59C42}.Release|x86.ActiveCfg = Release|Any CPU
		{ECB67616-7982-4983-BFC6-B35126A59C42}.Release|x86.Build.0 = Release|Any CPU
		{ECB67616-7982-4983-BFC6-B35126A59C42}.Release|x86.Deploy.0 = Release|Any CPU
	EndGlobalSection
	GlobalSection(SolutionProperties) = preSolution
		HideSolutionNode = FALSE
	EndGlobalSection
	GlobalSection(ExtensibilityGlobals) = postSolution
		SolutionGuid = {BF34B89F-3DA6-4B1C-A94A-79A59F144BE1}
	EndGlobalSection
EndGlobal
